// !$*UTF8*$!
{
	archiveVersion = 1;
	classes = {
	};
	objectVersion = 56;
	objects = {

/* Begin PBXBuildFile section */
		4062671E2954226900A2CBE4 /* UserInfo.swift in Sources */ = {isa = PBXBuildFile; fileRef = 4062671D2954226900A2CBE4 /* UserInfo.swift */; };
		40F965542952ED4200ACCA0C /* StringLiteral.swift in Sources */ = {isa = PBXBuildFile; fileRef = 40F965532952ED4200ACCA0C /* StringLiteral.swift */; };
		4FCF4FFD2952A4AE00CA262F /* main.swift in Sources */ = {isa = PBXBuildFile; fileRef = 4FCF4FFC2952A4AE00CA262F /* main.swift */; };
		4FCF50082953F79200CA262F /* IOManager.swift in Sources */ = {isa = PBXBuildFile; fileRef = 4FCF50072953F79200CA262F /* IOManager.swift */; };
		4FCF500A2953F7B200CA262F /* Error.swift in Sources */ = {isa = PBXBuildFile; fileRef = 4FCF50092953F7B200CA262F /* Error.swift */; };
		4FCF500C2954157F00CA262F /* ContactManager.swift in Sources */ = {isa = PBXBuildFile; fileRef = 4FCF500B2954157F00CA262F /* ContactManager.swift */; };
		4FCF500E2955668900CA262F /* Extension.swift in Sources */ = {isa = PBXBuildFile; fileRef = 4FCF500D2955668900CA262F /* Extension.swift */; };
/* End PBXBuildFile section */

/* Begin PBXCopyFilesBuildPhase section */
		4FCF4FF72952A4AE00CA262F /* CopyFiles */ = {
			isa = PBXCopyFilesBuildPhase;
			buildActionMask = 2147483647;
			dstPath = /usr/share/man/man1/;
			dstSubfolderSpec = 0;
			files = (
			);
			runOnlyForDeploymentPostprocessing = 1;
		};
/* End PBXCopyFilesBuildPhase section */

/* Begin PBXFileReference section */
		4062671D2954226900A2CBE4 /* UserInfo.swift */ = {isa = PBXFileReference; lastKnownFileType = sourcecode.swift; path = UserInfo.swift; sourceTree = "<group>"; };
		40F965532952ED4200ACCA0C /* StringLiteral.swift */ = {isa = PBXFileReference; lastKnownFileType = sourcecode.swift; path = StringLiteral.swift; sourceTree = "<group>"; };
		4FCF4FF92952A4AE00CA262F /* ios-contact-manager */ = {isa = PBXFileReference; explicitFileType = "compiled.mach-o.executable"; includeInIndex = 0; path = "ios-contact-manager"; sourceTree = BUILT_PRODUCTS_DIR; };
		4FCF4FFC2952A4AE00CA262F /* main.swift */ = {isa = PBXFileReference; lastKnownFileType = sourcecode.swift; path = main.swift; sourceTree = "<group>"; };
		4FCF50072953F79200CA262F /* IOManager.swift */ = {isa = PBXFileReference; lastKnownFileType = sourcecode.swift; path = IOManager.swift; sourceTree = "<group>"; };
		4FCF50092953F7B200CA262F /* Error.swift */ = {isa = PBXFileReference; lastKnownFileType = sourcecode.swift; path = Error.swift; sourceTree = "<group>"; };
		4FCF500B2954157F00CA262F /* ContactManager.swift */ = {isa = PBXFileReference; lastKnownFileType = sourcecode.swift; path = ContactManager.swift; sourceTree = "<group>"; };
		4FCF500D2955668900CA262F /* Extension.swift */ = {isa = PBXFileReference; lastKnownFileType = sourcecode.swift; path = Extension.swift; sourceTree = "<group>"; };
/* End PBXFileReference section */

/* Begin PBXFrameworksBuildPhase section */
		4FCF4FF62952A4AE00CA262F /* Frameworks */ = {
			isa = PBXFrameworksBuildPhase;
			buildActionMask = 2147483647;
			files = (
			);
			runOnlyForDeploymentPostprocessing = 0;
		};
/* End PBXFrameworksBuildPhase section */

/* Begin PBXGroup section */
		4FCF4FF02952A4AE00CA262F = {
			isa = PBXGroup;
			children = (
				4FCF4FFB2952A4AE00CA262F /* ios-contact-manager */,
				4FCF4FFA2952A4AE00CA262F /* Products */,
			);
			sourceTree = "<group>";
		};
		4FCF4FFA2952A4AE00CA262F /* Products */ = {
			isa = PBXGroup;
			children = (
				4FCF4FF92952A4AE00CA262F /* ios-contact-manager */,
			);
			name = Products;
			sourceTree = "<group>";
		};
		4FCF4FFB2952A4AE00CA262F /* ios-contact-manager */ = {
			isa = PBXGroup;
			children = (
				4FCF4FFC2952A4AE00CA262F /* main.swift */,
				4FCF500D2955668900CA262F /* Extension.swift */,
				40F965532952ED4200ACCA0C /* StringLiteral.swift */,
				4FCF50072953F79200CA262F /* IOManager.swift */,
				4FCF50092953F7B200CA262F /* Error.swift */,
				4FCF500B2954157F00CA262F /* ContactManager.swift */,
				4062671D2954226900A2CBE4 /* UserInfo.swift */,
			);
			path = "ios-contact-manager";
			sourceTree = "<group>";
		};
/* End PBXGroup section */

/* Begin PBXNativeTarget section */
		4FCF4FF82952A4AE00CA262F /* ios-contact-manager */ = {
			isa = PBXNativeTarget;
			buildConfigurationList = 4FCF50002952A4AE00CA262F /* Build configuration list for PBXNativeTarget "ios-contact-manager" */;
			buildPhases = (
				4FCF4FF52952A4AE00CA262F /* Sources */,
				4FCF4FF62952A4AE00CA262F /* Frameworks */,
				4FCF4FF72952A4AE00CA262F /* CopyFiles */,
			);
			buildRules = (
			);
			dependencies = (
			);
			name = "ios-contact-manager";
			productName = "ios-contact-manager";
			productReference = 4FCF4FF92952A4AE00CA262F /* ios-contact-manager */;
			productType = "com.apple.product-type.tool";
		};
/* End PBXNativeTarget section */

/* Begin PBXProject section */
		4FCF4FF12952A4AE00CA262F /* Project object */ = {
			isa = PBXProject;
			attributes = {
				BuildIndependentTargetsInParallel = 1;
				LastSwiftUpdateCheck = 1420;
				LastUpgradeCheck = 1420;
				TargetAttributes = {
					4FCF4FF82952A4AE00CA262F = {
						CreatedOnToolsVersion = 14.2;
					};
				};
			};
			buildConfigurationList = 4FCF4FF42952A4AE00CA262F /* Build configuration list for PBXProject "ios-contact-manager" */;
			compatibilityVersion = "Xcode 14.0";
			developmentRegion = en;
			hasScannedForEncodings = 0;
			knownRegions = (
				en,
				Base,
			);
			mainGroup = 4FCF4FF02952A4AE00CA262F;
			productRefGroup = 4FCF4FFA2952A4AE00CA262F /* Products */;
			projectDirPath = "";
			projectRoot = "";
			targets = (
				4FCF4FF82952A4AE00CA262F /* ios-contact-manager */,
			);
		};
/* End PBXProject section */

/* Begin PBXSourcesBuildPhase section */
		4FCF4FF52952A4AE00CA262F /* Sources */ = {
			isa = PBXSourcesBuildPhase;
			buildActionMask = 2147483647;
			files = (
				4FCF500C2954157F00CA262F /* ContactManager.swift in Sources */,
				4FCF500A2953F7B200CA262F /* Error.swift in Sources */,
				4FCF500E2955668900CA262F /* Extension.swift in Sources */,
				40F965542952ED4200ACCA0C /* StringLiteral.swift in Sources */,
				4FCF50082953F79200CA262F /* IOManager.swift in Sources */,
				4062671E2954226900A2CBE4 /* UserInfo.swift in Sources */,
				4FCF4FFD2952A4AE00CA262F /* main.swift in Sources */,
			);
			runOnlyForDeploymentPostprocessing = 0;
		};
/* End PBXSourcesBuildPhase section */

/* Begin XCBuildConfiguration section */
		4FCF4FFE2952A4AE00CA262F /* Debug */ = {
			isa = XCBuildConfiguration;
			buildSettings = {
				ALWAYS_SEARCH_USER_PATHS = NO;
				CLANG_ANALYZER_NONNULL = YES;
				CLANG_ANALYZER_NUMBER_OBJECT_CONVERSION = YES_AGGRESSIVE;
				CLANG_CXX_LANGUAGE_STANDARD = "gnu++20";
				CLANG_ENABLE_MODULES = YES;
				CLANG_ENABLE_OBJC_ARC = YES;
				CLANG_ENABLE_OBJC_WEAK = YES;
				CLANG_WARN_BLOCK_CAPTURE_AUTORELEASING = YES;
				CLANG_WARN_BOOL_CONVERSION = YES;
				CLANG_WARN_COMMA = YES;
				CLANG_WARN_CONSTANT_CONVERSION = YES;
				CLANG_WARN_DEPRECATED_OBJC_IMPLEMENTATIONS = YES;
				CLANG_WARN_DIRECT_OBJC_ISA_USAGE = YES_ERROR;
				CLANG_WARN_DOCUMENTATION_COMMENTS = YES;
				CLANG_WARN_EMPTY_BODY = YES;
				CLANG_WARN_ENUM_CONVERSION = YES;
				CLANG_WARN_INFINITE_RECURSION = YES;
				CLANG_WARN_INT_CONVERSION = YES;
				CLANG_WARN_NON_LITERAL_NULL_CONVERSION = YES;
				CLANG_WARN_OBJC_IMPLICIT_RETAIN_SELF = YES;
				CLANG_WARN_OBJC_LITERAL_CONVERSION = YES;
				CLANG_WARN_OBJC_ROOT_CLASS = YES_ERROR;
				CLANG_WARN_QUOTED_INCLUDE_IN_FRAMEWORK_HEADER = YES;
				CLANG_WARN_RANGE_LOOP_ANALYSIS = YES;
				CLANG_WARN_STRICT_PROTOTYPES = YES;
				CLANG_WARN_SUSPICIOUS_MOVE = YES;
				CLANG_WARN_UNGUARDED_AVAILABILITY = YES_AGGRESSIVE;
				CLANG_WARN_UNREACHABLE_CODE = YES;
				CLANG_WARN__DUPLICATE_METHOD_MATCH = YES;
				COPY_PHASE_STRIP = NO;
				DEBUG_INFORMATION_FORMAT = dwarf;
				ENABLE_STRICT_OBJC_MSGSEND = YES;
				ENABLE_TESTABILITY = YES;
				GCC_C_LANGUAGE_STANDARD = gnu11;
				GCC_DYNAMIC_NO_PIC = NO;
				GCC_NO_COMMON_BLOCKS = YES;
				GCC_OPTIMIZATION_LEVEL = 0;
				GCC_PREPROCESSOR_DEFINITIONS = (
					"DEBUG=1",
					"$(inherited)",
				);
				GCC_WARN_64_TO_32_BIT_CONVERSION = YES;
				GCC_WARN_ABOUT_RETURN_TYPE = YES_ERROR;
				GCC_WARN_UNDECLARED_SELECTOR = YES;
				GCC_WARN_UNINITIALIZED_AUTOS = YES_AGGRESSIVE;
				GCC_WARN_UNUSED_FUNCTION = YES;
				GCC_WARN_UNUSED_VARIABLE = YES;
				MACOSX_DEPLOYMENT_TARGET = 13.0;
				MTL_ENABLE_DEBUG_INFO = INCLUDE_SOURCE;
				MTL_FAST_MATH = YES;
				ONLY_ACTIVE_ARCH = YES;
				SDKROOT = macosx;
				SWIFT_ACTIVE_COMPILATION_CONDITIONS = DEBUG;
				SWIFT_OPTIMIZATION_LEVEL = "-Onone";
			};
			name = Debug;
		};
		4FCF4FFF2952A4AE00CA262F /* Release */ = {
			isa = XCBuildConfiguration;
			buildSettings = {
				ALWAYS_SEARCH_USER_PATHS = NO;
				CLANG_ANALYZER_NONNULL = YES;
				CLANG_ANALYZER_NUMBER_OBJECT_CONVERSION = YES_AGGRESSIVE;
				CLANG_CXX_LANGUAGE_STANDARD = "gnu++20";
				CLANG_ENABLE_MODULES = YES;
				CLANG_ENABLE_OBJC_ARC = YES;
				CLANG_ENABLE_OBJC_WEAK = YES;
				CLANG_WARN_BLOCK_CAPTURE_AUTORELEASING = YES;
				CLANG_WARN_BOOL_CONVERSION = YES;
				CLANG_WARN_COMMA = YES;
				CLANG_WARN_CONSTANT_CONVERSION = YES;
				CLANG_WARN_DEPRECATED_OBJC_IMPLEMENTATIONS = YES;
				CLANG_WARN_DIRECT_OBJC_ISA_USAGE = YES_ERROR;
				CLANG_WARN_DOCUMENTATION_COMMENTS = YES;
				CLANG_WARN_EMPTY_BODY = YES;
				CLANG_WARN_ENUM_CONVERSION = YES;
				CLANG_WARN_INFINITE_RECURSION = YES;
				CLANG_WARN_INT_CONVERSION = YES;
				CLANG_WARN_NON_LITERAL_NULL_CONVERSION = YES;
				CLANG_WARN_OBJC_IMPLICIT_RETAIN_SELF = YES;
				CLANG_WARN_OBJC_LITERAL_CONVERSION = YES;
				CLANG_WARN_OBJC_ROOT_CLASS = YES_ERROR;
				CLANG_WARN_QUOTED_INCLUDE_IN_FRAMEWORK_HEADER = YES;
				CLANG_WARN_RANGE_LOOP_ANALYSIS = YES;
				CLANG_WARN_STRICT_PROTOTYPES = YES;
				CLANG_WARN_SUSPICIOUS_MOVE = YES;
				CLANG_WARN_UNGUARDED_AVAILABILITY = YES_AGGRESSIVE;
				CLANG_WARN_UNREACHABLE_CODE = YES;
				CLANG_WARN__DUPLICATE_METHOD_MATCH = YES;
				COPY_PHASE_STRIP = NO;
				DEBUG_INFORMATION_FORMAT = "dwarf-with-dsym";
				ENABLE_NS_ASSERTIONS = NO;
				ENABLE_STRICT_OBJC_MSGSEND = YES;
				GCC_C_LANGUAGE_STANDARD = gnu11;
				GCC_NO_COMMON_BLOCKS = YES;
				GCC_WARN_64_TO_32_BIT_CONVERSION = YES;
				GCC_WARN_ABOUT_RETURN_TYPE = YES_ERROR;
				GCC_WARN_UNDECLARED_SELECTOR = YES;
				GCC_WARN_UNINITIALIZED_AUTOS = YES_AGGRESSIVE;
				GCC_WARN_UNUSED_FUNCTION = YES;
				GCC_WARN_UNUSED_VARIABLE = YES;
				MACOSX_DEPLOYMENT_TARGET = 13.0;
				MTL_ENABLE_DEBUG_INFO = NO;
				MTL_FAST_MATH = YES;
				SDKROOT = macosx;
				SWIFT_COMPILATION_MODE = wholemodule;
				SWIFT_OPTIMIZATION_LEVEL = "-O";
			};
			name = Release;
		};
		4FCF50012952A4AE00CA262F /* Debug */ = {
			isa = XCBuildConfiguration;
			buildSettings = {
				CODE_SIGN_STYLE = Manual;
				DEVELOPMENT_TEAM = "";
				ENABLE_HARDENED_RUNTIME = YES;
				PRODUCT_NAME = "$(TARGET_NAME)";
				PROVISIONING_PROFILE_SPECIFIER = "";
				SWIFT_VERSION = 5.0;
			};
			name = Debug;
		};
		4FCF50022952A4AE00CA262F /* Release */ = {
			isa = XCBuildConfiguration;
			buildSettings = {
				CODE_SIGN_STYLE = Manual;
				DEVELOPMENT_TEAM = "";
				ENABLE_HARDENED_RUNTIME = YES;
				PRODUCT_NAME = "$(TARGET_NAME)";
				PROVISIONING_PROFILE_SPECIFIER = "";
				SWIFT_VERSION = 5.0;
			};
			name = Release;
		};
/* End XCBuildConfiguration section */

/* Begin XCConfigurationList section */
		4FCF4FF42952A4AE00CA262F /* Build configuration list for PBXProject "ios-contact-manager" */ = {
			isa = XCConfigurationList;
			buildConfigurations = (
				4FCF4FFE2952A4AE00CA262F /* Debug */,
				4FCF4FFF2952A4AE00CA262F /* Release */,
			);
			defaultConfigurationIsVisible = 0;
			defaultConfigurationName = Release;
		};
		4FCF50002952A4AE00CA262F /* Build configuration list for PBXNativeTarget "ios-contact-manager" */ = {
			isa = XCConfigurationList;
			buildConfigurations = (
				4FCF50012952A4AE00CA262F /* Debug */,
				4FCF50022952A4AE00CA262F /* Release */,
			);
			defaultConfigurationIsVisible = 0;
			defaultConfigurationName = Release;
		};
/* End XCConfigurationList section */
	};
	rootObject = 4FCF4FF12952A4AE00CA262F /* Project object */;
}
