// !$*UTF8*$!
{
	archiveVersion = 1;
	classes = {
	};
	objectVersion = 56;
	objects = {

/* Begin PBXBuildFile section */
		90D3F19A2952D18800CEA3F8 /* main.swift in Sources */ = {isa = PBXBuildFile; fileRef = 90D3F1992952D18800CEA3F8 /* main.swift */; };
		90D3F1A12952DA1800CEA3F8 /* Message.swift in Sources */ = {isa = PBXBuildFile; fileRef = 90D3F1A02952DA1800CEA3F8 /* Message.swift */; };
		90D3F1DC2954178900CEA3F8 /* ContactManagerTest.swift in Sources */ = {isa = PBXBuildFile; fileRef = 90D3F1DB2954178900CEA3F8 /* ContactManagerTest.swift */; };
		90D3F1E0295417E800CEA3F8 /* main.swift in Sources */ = {isa = PBXBuildFile; fileRef = 90D3F1992952D18800CEA3F8 /* main.swift */; };
		90D3F1E1295417EB00CEA3F8 /* Message.swift in Sources */ = {isa = PBXBuildFile; fileRef = 90D3F1A02952DA1800CEA3F8 /* Message.swift */; };
/* End PBXBuildFile section */

/* Begin PBXCopyFilesBuildPhase section */
		90D3F1942952D18800CEA3F8 /* CopyFiles */ = {
			isa = PBXCopyFilesBuildPhase;
			buildActionMask = 2147483647;
			dstPath = /usr/share/man/man1/;
			dstSubfolderSpec = 0;
			files = (
			);
			runOnlyForDeploymentPostprocessing = 1;
		};
/* End PBXCopyFilesBuildPhase section */

/* Begin PBXFileReference section */
		90D3F1962952D18800CEA3F8 /* CantactManager */ = {isa = PBXFileReference; explicitFileType = "compiled.mach-o.executable"; includeInIndex = 0; path = CantactManager; sourceTree = BUILT_PRODUCTS_DIR; };
		90D3F1992952D18800CEA3F8 /* main.swift */ = {isa = PBXFileReference; lastKnownFileType = sourcecode.swift; path = main.swift; sourceTree = "<group>"; };
		90D3F1A02952DA1800CEA3F8 /* Message.swift */ = {isa = PBXFileReference; lastKnownFileType = sourcecode.swift; path = Message.swift; sourceTree = "<group>"; };
		90D3F1D92954178900CEA3F8 /* ContactManagerTest.xctest */ = {isa = PBXFileReference; explicitFileType = wrapper.cfbundle; includeInIndex = 0; path = ContactManagerTest.xctest; sourceTree = BUILT_PRODUCTS_DIR; };
		90D3F1DB2954178900CEA3F8 /* ContactManagerTest.swift */ = {isa = PBXFileReference; lastKnownFileType = sourcecode.swift; path = ContactManagerTest.swift; sourceTree = "<group>"; };
/* End PBXFileReference section */

/* Begin PBXFrameworksBuildPhase section */
		90D3F1932952D18800CEA3F8 /* Frameworks */ = {
			isa = PBXFrameworksBuildPhase;
			buildActionMask = 2147483647;
			files = (
			);
			runOnlyForDeploymentPostprocessing = 0;
		};
		90D3F1D62954178900CEA3F8 /* Frameworks */ = {
			isa = PBXFrameworksBuildPhase;
			buildActionMask = 2147483647;
			files = (
			);
			runOnlyForDeploymentPostprocessing = 0;
		};
/* End PBXFrameworksBuildPhase section */

/* Begin PBXGroup section */
		90D3F18D2952D18800CEA3F8 = {
			isa = PBXGroup;
			children = (
				90D3F1982952D18800CEA3F8 /* ContactManager */,
				90D3F1DA2954178900CEA3F8 /* ContactManagerTest */,
				90D3F1972952D18800CEA3F8 /* Products */,
			);
			sourceTree = "<group>";
		};
		90D3F1972952D18800CEA3F8 /* Products */ = {
			isa = PBXGroup;
			children = (
				90D3F1962952D18800CEA3F8 /* CantactManager */,
				90D3F1D92954178900CEA3F8 /* ContactManagerTest.xctest */,
			);
			name = Products;
			sourceTree = "<group>";
		};
		90D3F1982952D18800CEA3F8 /* ContactManager */ = {
			isa = PBXGroup;
			children = (
				90D3F1992952D18800CEA3F8 /* main.swift */,
				90D3F1A02952DA1800CEA3F8 /* Message.swift */,
			);
			path = ContactManager;
			sourceTree = "<group>";
		};
		90D3F1DA2954178900CEA3F8 /* ContactManagerTest */ = {
			isa = PBXGroup;
			children = (
				90D3F1DB2954178900CEA3F8 /* ContactManagerTest.swift */,
			);
			path = ContactManagerTest;
			sourceTree = "<group>";
		};
/* End PBXGroup section */

/* Begin PBXNativeTarget section */
		90D3F1952952D18800CEA3F8 /* CantactManager */ = {
			isa = PBXNativeTarget;
			buildConfigurationList = 90D3F19D2952D18800CEA3F8 /* Build configuration list for PBXNativeTarget "CantactManager" */;
			buildPhases = (
				BFF2FF582952E86E00DD88E4 /* Run Script */,
				90D3F1922952D18800CEA3F8 /* Sources */,
				90D3F1932952D18800CEA3F8 /* Frameworks */,
				90D3F1942952D18800CEA3F8 /* CopyFiles */,
			);
			buildRules = (
			);
			dependencies = (
			);
			name = CantactManager;
			productName = CantactManager;
			productReference = 90D3F1962952D18800CEA3F8 /* CantactManager */;
			productType = "com.apple.product-type.tool";
		};
		90D3F1D82954178900CEA3F8 /* ContactManagerTest */ = {
			isa = PBXNativeTarget;
			buildConfigurationList = 90D3F1DF2954178900CEA3F8 /* Build configuration list for PBXNativeTarget "ContactManagerTest" */;
			buildPhases = (
				90D3F1D52954178900CEA3F8 /* Sources */,
				90D3F1D62954178900CEA3F8 /* Frameworks */,
				90D3F1D72954178900CEA3F8 /* Resources */,
			);
			buildRules = (
			);
			dependencies = (
			);
			name = ContactManagerTest;
			productName = ContactManagerTest;
			productReference = 90D3F1D92954178900CEA3F8 /* ContactManagerTest.xctest */;
			productType = "com.apple.product-type.bundle.unit-test";
		};
/* End PBXNativeTarget section */

/* Begin PBXProject section */
		90D3F18E2952D18800CEA3F8 /* Project object */ = {
			isa = PBXProject;
			attributes = {
				BuildIndependentTargetsInParallel = 1;
				LastSwiftUpdateCheck = 1400;
				LastUpgradeCheck = 1400;
				TargetAttributes = {
					90D3F1952952D18800CEA3F8 = {
						CreatedOnToolsVersion = 14.0;
					};
					90D3F1D82954178900CEA3F8 = {
						CreatedOnToolsVersion = 14.0;
					};
				};
			};
			buildConfigurationList = 90D3F1912952D18800CEA3F8 /* Build configuration list for PBXProject "ContactManager" */;
			compatibilityVersion = "Xcode 14.0";
			developmentRegion = en;
			hasScannedForEncodings = 0;
			knownRegions = (
				en,
				Base,
			);
			mainGroup = 90D3F18D2952D18800CEA3F8;
			productRefGroup = 90D3F1972952D18800CEA3F8 /* Products */;
			projectDirPath = "";
			projectRoot = "";
			targets = (
				90D3F1952952D18800CEA3F8 /* CantactManager */,
				90D3F1D82954178900CEA3F8 /* ContactManagerTest */,
			);
		};
/* End PBXProject section */

/* Begin PBXResourcesBuildPhase section */
		90D3F1D72954178900CEA3F8 /* Resources */ = {
			isa = PBXResourcesBuildPhase;
			buildActionMask = 2147483647;
			files = (
			);
			runOnlyForDeploymentPostprocessing = 0;
		};
/* End PBXResourcesBuildPhase section */

/* Begin PBXShellScriptBuildPhase section */
		BFF2FF582952E86E00DD88E4 /* Run Script */ = {
			isa = PBXShellScriptBuildPhase;
			alwaysOutOfDate = 1;
			buildActionMask = 2147483647;
			files = (
			);
			inputFileListPaths = (
			);
			inputPaths = (
			);
			name = "Run Script";
			outputFileListPaths = (
			);
			outputPaths = (
			);
			runOnlyForDeploymentPostprocessing = 0;
			shellPath = /bin/sh;
			shellScript = "export PATH=\"$PATH:/opt/homebrew/bin\"\nif which swiftlint >/dev/null; then\n  swiftlint\nelse\n  echo \"warning: SwiftLint not installed, download from https://github.com/realm/SwiftLint\"\nfi\n";
		};
/* End PBXShellScriptBuildPhase section */

/* Begin PBXSourcesBuildPhase section */
		90D3F1922952D18800CEA3F8 /* Sources */ = {
			isa = PBXSourcesBuildPhase;
			buildActionMask = 2147483647;
			files = (
				90D3F19A2952D18800CEA3F8 /* main.swift in Sources */,
				90D3F1A12952DA1800CEA3F8 /* Message.swift in Sources */,
			);
			runOnlyForDeploymentPostprocessing = 0;
		};
		90D3F1D52954178900CEA3F8 /* Sources */ = {
			isa = PBXSourcesBuildPhase;
			buildActionMask = 2147483647;
			files = (
				90D3F1E1295417EB00CEA3F8 /* Message.swift in Sources */,
				90D3F1E0295417E800CEA3F8 /* main.swift in Sources */,
				90D3F1DC2954178900CEA3F8 /* ContactManagerTest.swift in Sources */,
			);
			runOnlyForDeploymentPostprocessing = 0;
		};
/* End PBXSourcesBuildPhase section */

/* Begin XCBuildConfiguration section */
		90D3F19B2952D18800CEA3F8 /* Debug */ = {
			isa = XCBuildConfiguration;
			buildSettings = {
				ALWAYS_SEARCH_USER_PATHS = NO;
				CLANG_ANALYZER_NONNULL = YES;
				CLANG_ANALYZER_NUMBER_OBJECT_CONVERSION = YES_AGGRESSIVE;
				CLANG_CXX_LANGUAGE_STANDARD = "gnu++20";
				CLANG_ENABLE_MODULES = YES;
				CLANG_ENABLE_OBJC_ARC = YES;
				CLANG_ENABLE_OBJC_WEAK = YES;
				CLANG_WARN_BLOCK_CAPTURE_AUTORELEASING = YES;
				CLANG_WARN_BOOL_CONVERSION = YES;
				CLANG_WARN_COMMA = YES;
				CLANG_WARN_CONSTANT_CONVERSION = YES;
				CLANG_WARN_DEPRECATED_OBJC_IMPLEMENTATIONS = YES;
				CLANG_WARN_DIRECT_OBJC_ISA_USAGE = YES_ERROR;
				CLANG_WARN_DOCUMENTATION_COMMENTS = YES;
				CLANG_WARN_EMPTY_BODY = YES;
				CLANG_WARN_ENUM_CONVERSION = YES;
				CLANG_WARN_INFINITE_RECURSION = YES;
				CLANG_WARN_INT_CONVERSION = YES;
				CLANG_WARN_NON_LITERAL_NULL_CONVERSION = YES;
				CLANG_WARN_OBJC_IMPLICIT_RETAIN_SELF = YES;
				CLANG_WARN_OBJC_LITERAL_CONVERSION = YES;
				CLANG_WARN_OBJC_ROOT_CLASS = YES_ERROR;
				CLANG_WARN_QUOTED_INCLUDE_IN_FRAMEWORK_HEADER = YES;
				CLANG_WARN_RANGE_LOOP_ANALYSIS = YES;
				CLANG_WARN_STRICT_PROTOTYPES = YES;
				CLANG_WARN_SUSPICIOUS_MOVE = YES;
				CLANG_WARN_UNGUARDED_AVAILABILITY = YES_AGGRESSIVE;
				CLANG_WARN_UNREACHABLE_CODE = YES;
				CLANG_WARN__DUPLICATE_METHOD_MATCH = YES;
				COPY_PHASE_STRIP = NO;
				DEBUG_INFORMATION_FORMAT = dwarf;
				ENABLE_STRICT_OBJC_MSGSEND = YES;
				ENABLE_TESTABILITY = YES;
				GCC_C_LANGUAGE_STANDARD = gnu11;
				GCC_DYNAMIC_NO_PIC = NO;
				GCC_NO_COMMON_BLOCKS = YES;
				GCC_OPTIMIZATION_LEVEL = 0;
				GCC_PREPROCESSOR_DEFINITIONS = (
					"DEBUG=1",
					"$(inherited)",
				);
				GCC_WARN_64_TO_32_BIT_CONVERSION = YES;
				GCC_WARN_ABOUT_RETURN_TYPE = YES_ERROR;
				GCC_WARN_UNDECLARED_SELECTOR = YES;
				GCC_WARN_UNINITIALIZED_AUTOS = YES_AGGRESSIVE;
				GCC_WARN_UNUSED_FUNCTION = YES;
				GCC_WARN_UNUSED_VARIABLE = YES;
				MACOSX_DEPLOYMENT_TARGET = 12.3;
				MTL_ENABLE_DEBUG_INFO = INCLUDE_SOURCE;
				MTL_FAST_MATH = YES;
				ONLY_ACTIVE_ARCH = YES;
				SDKROOT = macosx;
				SWIFT_ACTIVE_COMPILATION_CONDITIONS = DEBUG;
				SWIFT_OPTIMIZATION_LEVEL = "-Onone";
			};
			name = Debug;
		};
		90D3F19C2952D18800CEA3F8 /* Release */ = {
			isa = XCBuildConfiguration;
			buildSettings = {
				ALWAYS_SEARCH_USER_PATHS = NO;
				CLANG_ANALYZER_NONNULL = YES;
				CLANG_ANALYZER_NUMBER_OBJECT_CONVERSION = YES_AGGRESSIVE;
				CLANG_CXX_LANGUAGE_STANDARD = "gnu++20";
				CLANG_ENABLE_MODULES = YES;
				CLANG_ENABLE_OBJC_ARC = YES;
				CLANG_ENABLE_OBJC_WEAK = YES;
				CLANG_WARN_BLOCK_CAPTURE_AUTORELEASING = YES;
				CLANG_WARN_BOOL_CONVERSION = YES;
				CLANG_WARN_COMMA = YES;
				CLANG_WARN_CONSTANT_CONVERSION = YES;
				CLANG_WARN_DEPRECATED_OBJC_IMPLEMENTATIONS = YES;
				CLANG_WARN_DIRECT_OBJC_ISA_USAGE = YES_ERROR;
				CLANG_WARN_DOCUMENTATION_COMMENTS = YES;
				CLANG_WARN_EMPTY_BODY = YES;
				CLANG_WARN_ENUM_CONVERSION = YES;
				CLANG_WARN_INFINITE_RECURSION = YES;
				CLANG_WARN_INT_CONVERSION = YES;
				CLANG_WARN_NON_LITERAL_NULL_CONVERSION = YES;
				CLANG_WARN_OBJC_IMPLICIT_RETAIN_SELF = YES;
				CLANG_WARN_OBJC_LITERAL_CONVERSION = YES;
				CLANG_WARN_OBJC_ROOT_CLASS = YES_ERROR;
				CLANG_WARN_QUOTED_INCLUDE_IN_FRAMEWORK_HEADER = YES;
				CLANG_WARN_RANGE_LOOP_ANALYSIS = YES;
				CLANG_WARN_STRICT_PROTOTYPES = YES;
				CLANG_WARN_SUSPICIOUS_MOVE = YES;
				CLANG_WARN_UNGUARDED_AVAILABILITY = YES_AGGRESSIVE;
				CLANG_WARN_UNREACHABLE_CODE = YES;
				CLANG_WARN__DUPLICATE_METHOD_MATCH = YES;
				COPY_PHASE_STRIP = NO;
				DEBUG_INFORMATION_FORMAT = "dwarf-with-dsym";
				ENABLE_NS_ASSERTIONS = NO;
				ENABLE_STRICT_OBJC_MSGSEND = YES;
				GCC_C_LANGUAGE_STANDARD = gnu11;
				GCC_NO_COMMON_BLOCKS = YES;
				GCC_WARN_64_TO_32_BIT_CONVERSION = YES;
				GCC_WARN_ABOUT_RETURN_TYPE = YES_ERROR;
				GCC_WARN_UNDECLARED_SELECTOR = YES;
				GCC_WARN_UNINITIALIZED_AUTOS = YES_AGGRESSIVE;
				GCC_WARN_UNUSED_FUNCTION = YES;
				GCC_WARN_UNUSED_VARIABLE = YES;
				MACOSX_DEPLOYMENT_TARGET = 12.3;
				MTL_ENABLE_DEBUG_INFO = NO;
				MTL_FAST_MATH = YES;
				SDKROOT = macosx;
				SWIFT_COMPILATION_MODE = wholemodule;
				SWIFT_OPTIMIZATION_LEVEL = "-O";
			};
			name = Release;
		};
		90D3F19E2952D18800CEA3F8 /* Debug */ = {
			isa = XCBuildConfiguration;
			buildSettings = {
				CODE_SIGN_STYLE = Automatic;
				PRODUCT_NAME = "$(TARGET_NAME)";
				SWIFT_VERSION = 5.0;
			};
			name = Debug;
		};
		90D3F19F2952D18800CEA3F8 /* Release */ = {
			isa = XCBuildConfiguration;
			buildSettings = {
				CODE_SIGN_STYLE = Automatic;
				PRODUCT_NAME = "$(TARGET_NAME)";
				SWIFT_VERSION = 5.0;
			};
			name = Release;
		};
		90D3F1DD2954178900CEA3F8 /* Debug */ = {
			isa = XCBuildConfiguration;
			buildSettings = {
				CODE_SIGN_STYLE = Automatic;
				CURRENT_PROJECT_VERSION = 1;
				GENERATE_INFOPLIST_FILE = YES;
				MARKETING_VERSION = 1.0;
				PRODUCT_BUNDLE_IDENTIFIER = neuJooJ.ContactManagerTest;
				PRODUCT_NAME = "$(TARGET_NAME)";
				SWIFT_EMIT_LOC_STRINGS = NO;
				SWIFT_VERSION = 5.0;
			};
			name = Debug;
		};
		90D3F1DE2954178900CEA3F8 /* Release */ = {
			isa = XCBuildConfiguration;
			buildSettings = {
				CODE_SIGN_STYLE = Automatic;
				CURRENT_PROJECT_VERSION = 1;
				GENERATE_INFOPLIST_FILE = YES;
				MARKETING_VERSION = 1.0;
				PRODUCT_BUNDLE_IDENTIFIER = neuJooJ.ContactManagerTest;
				PRODUCT_NAME = "$(TARGET_NAME)";
				SWIFT_EMIT_LOC_STRINGS = NO;
				SWIFT_VERSION = 5.0;
			};
			name = Release;
		};
/* End XCBuildConfiguration section */

/* Begin XCConfigurationList section */
		90D3F1912952D18800CEA3F8 /* Build configuration list for PBXProject "ContactManager" */ = {
			isa = XCConfigurationList;
			buildConfigurations = (
				90D3F19B2952D18800CEA3F8 /* Debug */,
				90D3F19C2952D18800CEA3F8 /* Release */,
			);
			defaultConfigurationIsVisible = 0;
			defaultConfigurationName = Release;
		};
		90D3F19D2952D18800CEA3F8 /* Build configuration list for PBXNativeTarget "CantactManager" */ = {
			isa = XCConfigurationList;
			buildConfigurations = (
				90D3F19E2952D18800CEA3F8 /* Debug */,
				90D3F19F2952D18800CEA3F8 /* Release */,
			);
			defaultConfigurationIsVisible = 0;
			defaultConfigurationName = Release;
		};
		90D3F1DF2954178900CEA3F8 /* Build configuration list for PBXNativeTarget "ContactManagerTest" */ = {
			isa = XCConfigurationList;
			buildConfigurations = (
				90D3F1DD2954178900CEA3F8 /* Debug */,
				90D3F1DE2954178900CEA3F8 /* Release */,
			);
			defaultConfigurationIsVisible = 0;
			defaultConfigurationName = Release;
		};
/* End XCConfigurationList section */
	};
	rootObject = 90D3F18E2952D18800CEA3F8 /* Project object */;
}
